{
  "name": "Syst",
  "lockfileVersion": 2,
  "requires": true,
  "packages": {
    "": {
      "dependencies": {
        "@mdi/js": "^6.6.96",
        "@mdi/react": "^1.5.0"
      }
    },
    "node_modules/@mdi/js": {
      "version": "6.6.96",
      "resolved": "https://registry.npmjs.org/@mdi/js/-/js-6.6.96.tgz",
      "integrity": "sha512-ke9PN5DjPCOlMfhioxeZYADz8Yiz6v47W0IYRza01SSJD7y1EwESVpwFnnFUso+eCoWtE1CO9cTIvQF6sEreuA=="
    },
    "node_modules/@mdi/react": {
      "version": "1.5.0",
      "resolved": "https://registry.npmjs.org/@mdi/react/-/react-1.5.0.tgz",
      "integrity": "sha512-NztRgUxSYD+ImaKN94Tg66VVVqXj4SmlDGzZoz48H9riJ+Awha56sfXH2fegw819NWo7KI3oeS1Es0lNQqwr0w=="
    }
  },
  "dependencies": {
    "@mdi/js": {
      "version": "6.6.96",
      "resolved": "https://registry.npmjs.org/@mdi/js/-/js-6.6.96.tgz",
      "integrity": "sha512-ke9PN5DjPCOlMfhioxeZYADz8Yiz6v47W0IYRza01SSJD7y1EwESVpwFnnFUso+eCoWtE1CO9cTIvQF6sEreuA=="
    },
    "@mdi/react": {
      "version": "1.5.0",
      "resolved": "https://registry.npmjs.org/@mdi/react/-/react-1.5.0.tgz",
      "integrity": "sha512-NztRgUxSYD+ImaKN94Tg66VVVqXj4SmlDGzZoz48H9riJ+Awha56sfXH2fegw819NWo7KI3oeS1Es0lNQqwr0w=="
    }
  }
}
