Microsoft Visual Studio Solution File, Format Version 12.00
# Visual Studio Version 16
VisualStudioVersion = 16.0.0.0
MinimumVisualStudioVersion = 16.0.0.0
Project("{FAE04EC0-301F-11D3-BF4B-00C04F79EFBC}") = "Syst", "Syst\Syst.csproj", "{2C81D16C-AED0-4756-81CC-2D49FAA0EC33}"
EndProject
Project("{2150E333-8FDC-42A3-9474-1A3956D46DE8}") = "Syst", "Syst", "{94F4FA8E-0BFE-4EE3-BE81-0045327DD57B}"
EndProject
Project("{FAE04EC0-301F-11D3-BF4B-00C04F79EFBC}") = "Infrastructure", "Syst\Infrastructure\Infrastructure.csproj", "{511301B8-74DC-4645-9BF0-9E306200D726}"
EndProject
Project("{FAE04EC0-301F-11D3-BF4B-00C04F79EFBC}") = "Core", "Syst\Core\Core.csproj", "{DAFA49F8-3CCD-4139-B108-5B1CED54BA70}"
EndProject
Global
	GlobalSection(SolutionConfigurationPlatforms) = preSolution
		Debug|Any CPU = Debug|Any CPU
		Debug|x64 = Debug|x64
		Debug|x86 = Debug|x86
		Release|Any CPU = Release|Any CPU
		Release|x64 = Release|x64
		Release|x86 = Release|x86
	EndGlobalSection
	GlobalSection(ProjectConfigurationPlatforms) = postSolution
		{2BAE23D1-EC76-4A39-B2D8-B900C046F6CF}.Debug|Any CPU.ActiveCfg = Debug|Any CPU
		{2BAE23D1-EC76-4A39-B2D8-B900C046F6CF}.Debug|Any CPU.Build.0 = Debug|Any CPU
		{2BAE23D1-EC76-4A39-B2D8-B900C046F6CF}.Debug|x64.ActiveCfg = Debug|Any CPU
		{2BAE23D1-EC76-4A39-B2D8-B900C046F6CF}.Debug|x64.Build.0 = Debug|Any CPU
		{2BAE23D1-EC76-4A39-B2D8-B900C046F6CF}.Debug|x86.ActiveCfg = Debug|Any CPU
		{2BAE23D1-EC76-4A39-B2D8-B900C046F6CF}.Debug|x86.Build.0 = Debug|Any CPU
		{2BAE23D1-EC76-4A39-B2D8-B900C046F6CF}.Release|Any CPU.ActiveCfg = Release|Any CPU
		{2BAE23D1-EC76-4A39-B2D8-B900C046F6CF}.Release|Any CPU.Build.0 = Release|Any CPU
		{2BAE23D1-EC76-4A39-B2D8-B900C046F6CF}.Release|x64.ActiveCfg = Release|Any CPU
		{2BAE23D1-EC76-4A39-B2D8-B900C046F6CF}.Release|x64.Build.0 = Release|Any CPU
		{2BAE23D1-EC76-4A39-B2D8-B900C046F6CF}.Release|x86.ActiveCfg = Release|Any CPU
		{2BAE23D1-EC76-4A39-B2D8-B900C046F6CF}.Release|x86.Build.0 = Release|Any CPU
		{5A930442-C5A1-4A41-8E41-34DCB287FAF6}.Debug|Any CPU.ActiveCfg = Debug|Any CPU
		{5A930442-C5A1-4A41-8E41-34DCB287FAF6}.Debug|Any CPU.Build.0 = Debug|Any CPU
		{5A930442-C5A1-4A41-8E41-34DCB287FAF6}.Debug|x64.ActiveCfg = Debug|Any CPU
		{5A930442-C5A1-4A41-8E41-34DCB287FAF6}.Debug|x64.Build.0 = Debug|Any CPU
		{5A930442-C5A1-4A41-8E41-34DCB287FAF6}.Debug|x86.ActiveCfg = Debug|Any CPU
		{5A930442-C5A1-4A41-8E41-34DCB287FAF6}.Debug|x86.Build.0 = Debug|Any CPU
		{5A930442-C5A1-4A41-8E41-34DCB287FAF6}.Release|Any CPU.ActiveCfg = Release|Any CPU
		{5A930442-C5A1-4A41-8E41-34DCB287FAF6}.Release|Any CPU.Build.0 = Release|Any CPU
		{5A930442-C5A1-4A41-8E41-34DCB287FAF6}.Release|x64.ActiveCfg = Release|Any CPU
		{5A930442-C5A1-4A41-8E41-34DCB287FAF6}.Release|x64.Build.0 = Release|Any CPU
		{5A930442-C5A1-4A41-8E41-34DCB287FAF6}.Release|x86.ActiveCfg = Release|Any CPU
		{5A930442-C5A1-4A41-8E41-34DCB287FAF6}.Release|x86.Build.0 = Release|Any CPU
		{7D7A0B0B-E2A4-4A8B-8718-1CBDA6B25EF7}.Debug|Any CPU.ActiveCfg = Debug|Any CPU
		{7D7A0B0B-E2A4-4A8B-8718-1CBDA6B25EF7}.Debug|Any CPU.Build.0 = Debug|Any CPU
		{7D7A0B0B-E2A4-4A8B-8718-1CBDA6B25EF7}.Debug|x64.ActiveCfg = Debug|Any CPU
		{7D7A0B0B-E2A4-4A8B-8718-1CBDA6B25EF7}.Debug|x64.Build.0 = Debug|Any CPU
		{7D7A0B0B-E2A4-4A8B-8718-1CBDA6B25EF7}.Debug|x86.ActiveCfg = Debug|Any CPU
		{7D7A0B0B-E2A4-4A8B-8718-1CBDA6B25EF7}.Debug|x86.Build.0 = Debug|Any CPU
		{7D7A0B0B-E2A4-4A8B-8718-1CBDA6B25EF7}.Release|Any CPU.ActiveCfg = Release|Any CPU
		{7D7A0B0B-E2A4-4A8B-8718-1CBDA6B25EF7}.Release|Any CPU.Build.0 = Release|Any CPU
		{7D7A0B0B-E2A4-4A8B-8718-1CBDA6B25EF7}.Release|x64.ActiveCfg = Release|Any CPU
		{7D7A0B0B-E2A4-4A8B-8718-1CBDA6B25EF7}.Release|x64.Build.0 = Release|Any CPU
		{7D7A0B0B-E2A4-4A8B-8718-1CBDA6B25EF7}.Release|x86.ActiveCfg = Release|Any CPU
		{7D7A0B0B-E2A4-4A8B-8718-1CBDA6B25EF7}.Release|x86.Build.0 = Release|Any CPU
		{976E65B0-9C74-4712-9CD9-D2DCB91001A8}.Debug|Any CPU.ActiveCfg = Debug|Any CPU
		{976E65B0-9C74-4712-9CD9-D2DCB91001A8}.Debug|Any CPU.Build.0 = Debug|Any CPU
		{976E65B0-9C74-4712-9CD9-D2DCB91001A8}.Debug|x64.ActiveCfg = Debug|Any CPU
		{976E65B0-9C74-4712-9CD9-D2DCB91001A8}.Debug|x64.Build.0 = Debug|Any CPU
		{976E65B0-9C74-4712-9CD9-D2DCB91001A8}.Debug|x86.ActiveCfg = Debug|Any CPU
		{976E65B0-9C74-4712-9CD9-D2DCB91001A8}.Debug|x86.Build.0 = Debug|Any CPU
		{976E65B0-9C74-4712-9CD9-D2DCB91001A8}.Release|Any CPU.ActiveCfg = Release|Any CPU
		{976E65B0-9C74-4712-9CD9-D2DCB91001A8}.Release|Any CPU.Build.0 = Release|Any CPU
		{976E65B0-9C74-4712-9CD9-D2DCB91001A8}.Release|x64.ActiveCfg = Release|Any CPU
		{976E65B0-9C74-4712-9CD9-D2DCB91001A8}.Release|x64.Build.0 = Release|Any CPU
		{976E65B0-9C74-4712-9CD9-D2DCB91001A8}.Release|x86.ActiveCfg = Release|Any CPU
		{976E65B0-9C74-4712-9CD9-D2DCB91001A8}.Release|x86.Build.0 = Release|Any CPU
		{66BCB50F-FF77-42CA-932B-C323176F5D60}.Debug|Any CPU.ActiveCfg = Debug|Any CPU
		{66BCB50F-FF77-42CA-932B-C323176F5D60}.Debug|Any CPU.Build.0 = Debug|Any CPU
		{66BCB50F-FF77-42CA-932B-C323176F5D60}.Debug|x64.ActiveCfg = Debug|Any CPU
		{66BCB50F-FF77-42CA-932B-C323176F5D60}.Debug|x64.Build.0 = Debug|Any CPU
		{66BCB50F-FF77-42CA-932B-C323176F5D60}.Debug|x86.ActiveCfg = Debug|Any CPU
		{66BCB50F-FF77-42CA-932B-C323176F5D60}.Debug|x86.Build.0 = Debug|Any CPU
		{66BCB50F-FF77-42CA-932B-C323176F5D60}.Release|Any CPU.ActiveCfg = Release|Any CPU
		{66BCB50F-FF77-42CA-932B-C323176F5D60}.Release|Any CPU.Build.0 = Release|Any CPU
		{66BCB50F-FF77-42CA-932B-C323176F5D60}.Release|x64.ActiveCfg = Release|Any CPU
		{66BCB50F-FF77-42CA-932B-C323176F5D60}.Release|x64.Build.0 = Release|Any CPU
		{66BCB50F-FF77-42CA-932B-C323176F5D60}.Release|x86.ActiveCfg = Release|Any CPU
		{66BCB50F-FF77-42CA-932B-C323176F5D60}.Release|x86.Build.0 = Release|Any CPU
		{AF4BDEAC-87F8-4E37-BBD1-80B7570E1F26}.Debug|Any CPU.ActiveCfg = Debug|Any CPU
		{AF4BDEAC-87F8-4E37-BBD1-80B7570E1F26}.Debug|Any CPU.Build.0 = Debug|Any CPU
		{AF4BDEAC-87F8-4E37-BBD1-80B7570E1F26}.Debug|x64.ActiveCfg = Debug|Any CPU
		{AF4BDEAC-87F8-4E37-BBD1-80B7570E1F26}.Debug|x64.Build.0 = Debug|Any CPU
		{AF4BDEAC-87F8-4E37-BBD1-80B7570E1F26}.Debug|x86.ActiveCfg = Debug|Any CPU
		{AF4BDEAC-87F8-4E37-BBD1-80B7570E1F26}.Debug|x86.Build.0 = Debug|Any CPU
		{AF4BDEAC-87F8-4E37-BBD1-80B7570E1F26}.Release|Any CPU.ActiveCfg = Release|Any CPU
		{AF4BDEAC-87F8-4E37-BBD1-80B7570E1F26}.Release|Any CPU.Build.0 = Release|Any CPU
		{AF4BDEAC-87F8-4E37-BBD1-80B7570E1F26}.Release|x64.ActiveCfg = Release|Any CPU
		{AF4BDEAC-87F8-4E37-BBD1-80B7570E1F26}.Release|x64.Build.0 = Release|Any CPU
		{AF4BDEAC-87F8-4E37-BBD1-80B7570E1F26}.Release|x86.ActiveCfg = Release|Any CPU
		{AF4BDEAC-87F8-4E37-BBD1-80B7570E1F26}.Release|x86.Build.0 = Release|Any CPU
		{B256B404-6A85-4B9E-A6A5-6869A298A534}.Debug|Any CPU.ActiveCfg = Debug|Any CPU
		{B256B404-6A85-4B9E-A6A5-6869A298A534}.Debug|Any CPU.Build.0 = Debug|Any CPU
		{B256B404-6A85-4B9E-A6A5-6869A298A534}.Debug|x64.ActiveCfg = Debug|Any CPU
		{B256B404-6A85-4B9E-A6A5-6869A298A534}.Debug|x64.Build.0 = Debug|Any CPU
		{B256B404-6A85-4B9E-A6A5-6869A298A534}.Debug|x86.ActiveCfg = Debug|Any CPU
		{B256B404-6A85-4B9E-A6A5-6869A298A534}.Debug|x86.Build.0 = Debug|Any CPU
		{B256B404-6A85-4B9E-A6A5-6869A298A534}.Release|Any CPU.ActiveCfg = Release|Any CPU
		{B256B404-6A85-4B9E-A6A5-6869A298A534}.Release|Any CPU.Build.0 = Release|Any CPU
		{B256B404-6A85-4B9E-A6A5-6869A298A534}.Release|x64.ActiveCfg = Release|Any CPU
		{B256B404-6A85-4B9E-A6A5-6869A298A534}.Release|x64.Build.0 = Release|Any CPU
		{B256B404-6A85-4B9E-A6A5-6869A298A534}.Release|x86.ActiveCfg = Release|Any CPU
		{B256B404-6A85-4B9E-A6A5-6869A298A534}.Release|x86.Build.0 = Release|Any CPU
		{4ED7B97A-0027-4199-B07C-58BC7E37F773}.Debug|Any CPU.ActiveCfg = Debug|Any CPU
		{4ED7B97A-0027-4199-B07C-58BC7E37F773}.Debug|Any CPU.Build.0 = Debug|Any CPU
		{4ED7B97A-0027-4199-B07C-58BC7E37F773}.Debug|x64.ActiveCfg = Debug|Any CPU
		{4ED7B97A-0027-4199-B07C-58BC7E37F773}.Debug|x64.Build.0 = Debug|Any CPU
		{4ED7B97A-0027-4199-B07C-58BC7E37F773}.Debug|x86.ActiveCfg = Debug|Any CPU
		{4ED7B97A-0027-4199-B07C-58BC7E37F773}.Debug|x86.Build.0 = Debug|Any CPU
		{4ED7B97A-0027-4199-B07C-58BC7E37F773}.Release|Any CPU.ActiveCfg = Release|Any CPU
		{4ED7B97A-0027-4199-B07C-58BC7E37F773}.Release|Any CPU.Build.0 = Release|Any CPU
		{4ED7B97A-0027-4199-B07C-58BC7E37F773}.Release|x64.ActiveCfg = Release|Any CPU
		{4ED7B97A-0027-4199-B07C-58BC7E37F773}.Release|x64.Build.0 = Release|Any CPU
		{4ED7B97A-0027-4199-B07C-58BC7E37F773}.Release|x86.ActiveCfg = Release|Any CPU
		{4ED7B97A-0027-4199-B07C-58BC7E37F773}.Release|x86.Build.0 = Release|Any CPU
		{B7410611-55C7-4C18-88E5-660799F4E775}.Debug|Any CPU.ActiveCfg = Debug|Any CPU
		{B7410611-55C7-4C18-88E5-660799F4E775}.Debug|Any CPU.Build.0 = Debug|Any CPU
		{B7410611-55C7-4C18-88E5-660799F4E775}.Debug|x64.ActiveCfg = Debug|Any CPU
		{B7410611-55C7-4C18-88E5-660799F4E775}.Debug|x64.Build.0 = Debug|Any CPU
		{B7410611-55C7-4C18-88E5-660799F4E775}.Debug|x86.ActiveCfg = Debug|Any CPU
		{B7410611-55C7-4C18-88E5-660799F4E775}.Debug|x86.Build.0 = Debug|Any CPU
		{B7410611-55C7-4C18-88E5-660799F4E775}.Release|Any CPU.ActiveCfg = Release|Any CPU
		{B7410611-55C7-4C18-88E5-660799F4E775}.Release|Any CPU.Build.0 = Release|Any CPU
		{B7410611-55C7-4C18-88E5-660799F4E775}.Release|x64.ActiveCfg = Release|Any CPU
		{B7410611-55C7-4C18-88E5-660799F4E775}.Release|x64.Build.0 = Release|Any CPU
		{B7410611-55C7-4C18-88E5-660799F4E775}.Release|x86.ActiveCfg = Release|Any CPU
		{B7410611-55C7-4C18-88E5-660799F4E775}.Release|x86.Build.0 = Release|Any CPU
		{2C81D16C-AED0-4756-81CC-2D49FAA0EC33}.Debug|Any CPU.ActiveCfg = Debug|Any CPU
		{2C81D16C-AED0-4756-81CC-2D49FAA0EC33}.Debug|Any CPU.Build.0 = Debug|Any CPU
		{2C81D16C-AED0-4756-81CC-2D49FAA0EC33}.Debug|x64.ActiveCfg = Debug|Any CPU
		{2C81D16C-AED0-4756-81CC-2D49FAA0EC33}.Debug|x64.Build.0 = Debug|Any CPU
		{2C81D16C-AED0-4756-81CC-2D49FAA0EC33}.Debug|x86.ActiveCfg = Debug|Any CPU
		{2C81D16C-AED0-4756-81CC-2D49FAA0EC33}.Debug|x86.Build.0 = Debug|Any CPU
		{2C81D16C-AED0-4756-81CC-2D49FAA0EC33}.Release|Any CPU.ActiveCfg = Release|Any CPU
		{2C81D16C-AED0-4756-81CC-2D49FAA0EC33}.Release|Any CPU.Build.0 = Release|Any CPU
		{2C81D16C-AED0-4756-81CC-2D49FAA0EC33}.Release|x64.ActiveCfg = Release|Any CPU
		{2C81D16C-AED0-4756-81CC-2D49FAA0EC33}.Release|x64.Build.0 = Release|Any CPU
		{2C81D16C-AED0-4756-81CC-2D49FAA0EC33}.Release|x86.ActiveCfg = Release|Any CPU
		{2C81D16C-AED0-4756-81CC-2D49FAA0EC33}.Release|x86.Build.0 = Release|Any CPU
		{511301B8-74DC-4645-9BF0-9E306200D726}.Debug|Any CPU.ActiveCfg = Debug|Any CPU
		{511301B8-74DC-4645-9BF0-9E306200D726}.Debug|Any CPU.Build.0 = Debug|Any CPU
		{511301B8-74DC-4645-9BF0-9E306200D726}.Debug|x64.ActiveCfg = Debug|Any CPU
		{511301B8-74DC-4645-9BF0-9E306200D726}.Debug|x64.Build.0 = Debug|Any CPU
		{511301B8-74DC-4645-9BF0-9E306200D726}.Debug|x86.ActiveCfg = Debug|Any CPU
		{511301B8-74DC-4645-9BF0-9E306200D726}.Debug|x86.Build.0 = Debug|Any CPU
		{511301B8-74DC-4645-9BF0-9E306200D726}.Release|Any CPU.ActiveCfg = Release|Any CPU
		{511301B8-74DC-4645-9BF0-9E306200D726}.Release|Any CPU.Build.0 = Release|Any CPU
		{511301B8-74DC-4645-9BF0-9E306200D726}.Release|x64.ActiveCfg = Release|Any CPU
		{511301B8-74DC-4645-9BF0-9E306200D726}.Release|x64.Build.0 = Release|Any CPU
		{511301B8-74DC-4645-9BF0-9E306200D726}.Release|x86.ActiveCfg = Release|Any CPU
		{511301B8-74DC-4645-9BF0-9E306200D726}.Release|x86.Build.0 = Release|Any CPU
		{DAFA49F8-3CCD-4139-B108-5B1CED54BA70}.Debug|Any CPU.ActiveCfg = Debug|Any CPU
		{DAFA49F8-3CCD-4139-B108-5B1CED54BA70}.Debug|Any CPU.Build.0 = Debug|Any CPU
		{DAFA49F8-3CCD-4139-B108-5B1CED54BA70}.Debug|x64.ActiveCfg = Debug|Any CPU
		{DAFA49F8-3CCD-4139-B108-5B1CED54BA70}.Debug|x64.Build.0 = Debug|Any CPU
		{DAFA49F8-3CCD-4139-B108-5B1CED54BA70}.Debug|x86.ActiveCfg = Debug|Any CPU
		{DAFA49F8-3CCD-4139-B108-5B1CED54BA70}.Debug|x86.Build.0 = Debug|Any CPU
		{DAFA49F8-3CCD-4139-B108-5B1CED54BA70}.Release|Any CPU.ActiveCfg = Release|Any CPU
		{DAFA49F8-3CCD-4139-B108-5B1CED54BA70}.Release|Any CPU.Build.0 = Release|Any CPU
		{DAFA49F8-3CCD-4139-B108-5B1CED54BA70}.Release|x64.ActiveCfg = Release|Any CPU
		{DAFA49F8-3CCD-4139-B108-5B1CED54BA70}.Release|x64.Build.0 = Release|Any CPU
		{DAFA49F8-3CCD-4139-B108-5B1CED54BA70}.Release|x86.ActiveCfg = Release|Any CPU
		{DAFA49F8-3CCD-4139-B108-5B1CED54BA70}.Release|x86.Build.0 = Release|Any CPU
	EndGlobalSection
	GlobalSection(SolutionProperties) = preSolution
		HideSolutionNode = FALSE
	EndGlobalSection
	GlobalSection(ExtensibilityGlobals) = postSolution
		SolutionGuid = {2E13CD57-E44A-436D-A8F9-04F0FDF1D4C2}
	EndGlobalSection
	GlobalSection(NestedProjects) = preSolution
		{511301B8-74DC-4645-9BF0-9E306200D726} = {94F4FA8E-0BFE-4EE3-BE81-0045327DD57B}
		{DAFA49F8-3CCD-4139-B108-5B1CED54BA70} = {94F4FA8E-0BFE-4EE3-BE81-0045327DD57B}
	EndGlobalSection
EndGlobal
