
Microsoft Visual Studio Solution File, Format Version 12.00
# Visual Studio Version 16
VisualStudioVersion = 16.0.30114.105
MinimumVisualStudioVersion = 10.0.40219.1
Project("{FAE04EC0-301F-11D3-BF4B-00C04F79EFBC}") = "Syst", "Syst\Syst.csproj", "{DDB0D1B6-B112-415F-997B-68A7D1525D03}"
EndProject
Project("{FAE04EC0-301F-11D3-BF4B-00C04F79EFBC}") = "Core", "Core\Core.csproj", "{8469342A-BE6F-4BA1-A9CF-6169A9329CA8}"
EndProject
Project("{FAE04EC0-301F-11D3-BF4B-00C04F79EFBC}") = "Infrastructure", "Infrastructure\Infrastructure.csproj", "{5F161D26-9105-4B57-B00A-C01D3839D0E4}"
EndProject
Global
	GlobalSection(SolutionConfigurationPlatforms) = preSolution
		Debug|Any CPU = Debug|Any CPU
		Release|Any CPU = Release|Any CPU
	EndGlobalSection
	GlobalSection(SolutionProperties) = preSolution
		HideSolutionNode = FALSE
	EndGlobalSection
	GlobalSection(ProjectConfigurationPlatforms) = postSolution
		{DDB0D1B6-B112-415F-997B-68A7D1525D03}.Debug|Any CPU.ActiveCfg = Debug|Any CPU
		{DDB0D1B6-B112-415F-997B-68A7D1525D03}.Debug|Any CPU.Build.0 = Debug|Any CPU
		{DDB0D1B6-B112-415F-997B-68A7D1525D03}.Release|Any CPU.ActiveCfg = Release|Any CPU
		{DDB0D1B6-B112-415F-997B-68A7D1525D03}.Release|Any CPU.Build.0 = Release|Any CPU
		{8469342A-BE6F-4BA1-A9CF-6169A9329CA8}.Debug|Any CPU.ActiveCfg = Debug|Any CPU
		{8469342A-BE6F-4BA1-A9CF-6169A9329CA8}.Debug|Any CPU.Build.0 = Debug|Any CPU
		{8469342A-BE6F-4BA1-A9CF-6169A9329CA8}.Release|Any CPU.ActiveCfg = Release|Any CPU
		{8469342A-BE6F-4BA1-A9CF-6169A9329CA8}.Release|Any CPU.Build.0 = Release|Any CPU
		{5F161D26-9105-4B57-B00A-C01D3839D0E4}.Debug|Any CPU.ActiveCfg = Debug|Any CPU
		{5F161D26-9105-4B57-B00A-C01D3839D0E4}.Debug|Any CPU.Build.0 = Debug|Any CPU
		{5F161D26-9105-4B57-B00A-C01D3839D0E4}.Release|Any CPU.ActiveCfg = Release|Any CPU
		{5F161D26-9105-4B57-B00A-C01D3839D0E4}.Release|Any CPU.Build.0 = Release|Any CPU
	EndGlobalSection
EndGlobal
